{
  "version": 4,
  "terraform_version": "1.5.7",
  "serial": 48,
  "lineage": "48b7eb19-1e0f-b8e6-7da0-23d49c4815b5",
  "outputs": {
    "cluster_endpoint": {
      "value": "https://A0840C4ADC0CAB5DB31BD5D85DAC4F30.gr7.eu-central-1.eks.amazonaws.com",
      "type": "string"
    },
    "cluster_name": {
      "value": "tinder-languages-cluster",
      "type": "string"
    },
    "cluster_security_group_id": {
      "value": "sg-0b113bf3af27ffe5c",
      "type": "string"
    },
    "configure_kubectl": {
      "value": "aws eks update-kubeconfig --name tinder-languages-cluster --region eu-central-1",
      "type": "string"
    },
    "region": {
      "value": "eu-central-1",
      "type": "string"
    }
  },
  "resources": [
    {
      "mode": "data",
      "type": "aws_availability_zones",
      "name": "available",
      "provider": "provider[\"registry.terraform.io/hashicorp/aws\"]",
      "instances": [
        {
          "schema_version": 0,
          "attributes": {
            "all_availability_zones": null,
            "exclude_names": null,
            "exclude_zone_ids": null,
            "filter": [
              {
                "name": "opt-in-status",
                "values": [
                  "opt-in-not-required"
                ]
              }
            ],
            "group_names": [
              "eu-central-1-zg-1"
            ],
            "id": "eu-central-1",
            "names": [
              "eu-central-1a",
              "eu-central-1b",
              "eu-central-1c"
            ],
            "state": null,
            "timeouts": null,
            "zone_ids": [
              "euc1-az2",
              "euc1-az3",
              "euc1-az1"
            ]
          },
          "sensitive_attributes": []
        }
      ]
    },
    {
      "mode": "managed",
      "type": "aws_iam_role",
      "name": "eks_cluster",
      "provider": "provider[\"registry.terraform.io/hashicorp/aws\"]",
      "instances": [
        {
          "schema_version": 0,
          "attributes": {
            "arn": "arn:aws:iam::664111151564:role/eks-cluster-role",
            "assume_role_policy": "{\"Statement\":[{\"Action\":\"sts:AssumeRole\",\"Effect\":\"Allow\",\"Principal\":{\"Service\":\"eks.amazonaws.com\"}}],\"Version\":\"2012-10-17\"}",
            "create_date": "2025-12-26T15:58:16Z",
            "description": "",
            "force_detach_policies": false,
            "id": "eks-cluster-role",
            "inline_policy": [],
            "managed_policy_arns": [],
            "max_session_duration": 3600,
            "name": "eks-cluster-role",
            "name_prefix": "",
            "path": "/",
            "permissions_boundary": "",
            "tags": null,
            "tags_all": {},
            "unique_id": "AROAZVIA37HGBM2UP52IO"
          },
          "sensitive_attributes": [],
          "private": "bnVsbA=="
        }
      ]
    },
    {
      "mode": "managed",
      "type": "aws_iam_role",
      "name": "eks_fargate",
      "provider": "provider[\"registry.terraform.io/hashicorp/aws\"]",
      "instances": [
        {
          "schema_version": 0,
          "attributes": {
            "arn": "arn:aws:iam::664111151564:role/eks-fargate-role",
            "assume_role_policy": "{\"Statement\":[{\"Action\":\"sts:AssumeRole\",\"Effect\":\"Allow\",\"Principal\":{\"Service\":\"eks-fargate-pods.amazonaws.com\"}}],\"Version\":\"2012-10-17\"}",
            "create_date": "2025-12-26T15:58:15Z",
            "description": "",
            "force_detach_policies": false,
            "id": "eks-fargate-role",
            "inline_policy": [],
            "managed_policy_arns": [],
            "max_session_duration": 3600,
            "name": "eks-fargate-role",
            "name_prefix": "",
            "path": "/",
            "permissions_boundary": "",
            "tags": null,
            "tags_all": {},
            "unique_id": "AROAZVIA37HGCRDTRFFH5"
          },
          "sensitive_attributes": [],
          "private": "bnVsbA=="
        }
      ]
    },
    {
      "mode": "managed",
      "type": "aws_iam_role_policy_attachment",
      "name": "eks_cluster_policy",
      "provider": "provider[\"registry.terraform.io/hashicorp/aws\"]",
      "instances": [
        {
          "schema_version": 0,
          "attributes": {
            "id": "eks-cluster-role-20251226155817026900000002",
            "policy_arn": "arn:aws:iam::aws:policy/AmazonEKSClusterPolicy",
            "role": "eks-cluster-role"
          },
          "sensitive_attributes": [],
          "private": "bnVsbA==",
          "dependencies": [
            "aws_iam_role.eks_cluster"
          ]
        }
      ]
    },
    {
      "mode": "managed",
      "type": "aws_iam_role_policy_attachment",
      "name": "eks_fargate_pod_execution",
      "provider": "provider[\"registry.terraform.io/hashicorp/aws\"]",
      "instances": [
        {
          "schema_version": 0,
          "attributes": {
            "id": "eks-fargate-role-20251226155816937800000001",
            "policy_arn": "arn:aws:iam::aws:policy/AmazonEKSFargatePodExecutionRolePolicy",
            "role": "eks-fargate-role"
          },
          "sensitive_attributes": [],
          "private": "bnVsbA==",
          "dependencies": [
            "aws_iam_role.eks_fargate"
          ]
        }
      ]
    },
    {
      "module": "module.eks",
      "mode": "data",
      "type": "aws_caller_identity",
      "name": "current",
      "provider": "provider[\"registry.terraform.io/hashicorp/aws\"]",
      "instances": [
        {
          "schema_version": 0,
          "attributes": {
            "account_id": "664111151564",
            "arn": "arn:aws:iam::664111151564:user/mcp-da-eliminare",
            "id": "664111151564",
            "user_id": "AIDAZVIA37HGLAYUYIXYJ"
          },
          "sensitive_attributes": []
        }
      ]
    },
    {
      "module": "module.eks",
      "mode": "data",
      "type": "aws_iam_session_context",
      "name": "current",
      "provider": "provider[\"registry.terraform.io/hashicorp/aws\"]",
      "instances": [
        {
          "schema_version": 0,
          "attributes": {
            "arn": "arn:aws:iam::664111151564:user/mcp-da-eliminare",
            "id": "arn:aws:iam::664111151564:user/mcp-da-eliminare",
            "issuer_arn": "arn:aws:iam::664111151564:user/mcp-da-eliminare",
            "issuer_id": "",
            "issuer_name": "",
            "session_name": ""
          },
          "sensitive_attributes": []
        }
      ]
    },
    {
      "module": "module.eks",
      "mode": "data",
      "type": "aws_partition",
      "name": "current",
      "provider": "provider[\"registry.terraform.io/hashicorp/aws\"]",
      "instances": [
        {
          "schema_version": 0,
          "attributes": {
            "dns_suffix": "amazonaws.com",
            "id": "aws",
            "partition": "aws",
            "reverse_dns_prefix": "com.amazonaws"
          },
          "sensitive_attributes": []
        }
      ]
    },
    {
      "module": "module.eks",
      "mode": "data",
      "type": "tls_certificate",
      "name": "this",
      "provider": "provider[\"registry.terraform.io/hashicorp/tls\"]",
      "instances": [
        {
          "index_key": 0,
          "schema_version": 0,
          "attributes": {
            "certificates": [
              {
                "cert_pem": "-----BEGIN CERTIFICATE-----\nMIIEkjCCA3qgAwIBAgITBn+USionzfP6wq4rAfkI7rnExjANBgkqhkiG9w0BAQsF\nADCBmDELMAkGA1UEBhMCVVMxEDAOBgNVBAgTB0FyaXpvbmExEzARBgNVBAcTClNj\nb3R0c2RhbGUxJTAjBgNVBAoTHFN0YXJmaWVsZCBUZWNobm9sb2dpZXMsIEluYy4x\nOzA5BgNVBAMTMlN0YXJmaWVsZCBTZXJ2aWNlcyBSb290IENlcnRpZmljYXRlIEF1\ndGhvcml0eSAtIEcyMB4XDTE1MDUyNTEyMDAwMFoXDTM3MTIzMTAxMDAwMFowOTEL\nMAkGA1UEBhMCVVMxDzANBgNVBAoTBkFtYXpvbjEZMBcGA1UEAxMQQW1hem9uIFJv\nb3QgQ0EgMTCCASIwDQYJKoZIhvcNAQEBBQADggEPADCCAQoCggEBALJ4gHHKeNXj\nca9HgFB0fW7Y14h29Jlo91ghYPl0hAEvrAIthtOgQ3pOsqTQNroBvo3bSMgHFzZM\n9O6II8c+6zf1tRn4SWiw3te5djgdYZ6k/oI2peVKVuRF4fn9tBb6dNqcmzU5L/qw\nIFAGbHrQgLKm+a/sRxmPUDgH3KKHOVj4utWp+UhnMJbulHheb4mjUcAwhmahRWa6\nVOujw5H5SNz/0egwLX0tdHA114gk957EWW67c4cX8jJGKLhD+rcdqsq08p8kDi1L\n93FcXmn/6pUCyziKrlA4b9v7LWIbxcceVOF34GfID5yHI9Y/QCB/IIDEgEw+OyQm\njgSubJrIqg0CAwEAAaOCATEwggEtMA8GA1UdEwEB/wQFMAMBAf8wDgYDVR0PAQH/\nBAQDAgGGMB0GA1UdDgQWBBSEGMyFNOy8DJSULghZnMeyEE4KCDAfBgNVHSMEGDAW\ngBScXwDfqgHXMCs4iKK4bUqc8hGRgzB4BggrBgEFBQcBAQRsMGowLgYIKwYBBQUH\nMAGGImh0dHA6Ly9vY3NwLnJvb3RnMi5hbWF6b250cnVzdC5jb20wOAYIKwYBBQUH\nMAKGLGh0dHA6Ly9jcnQucm9vdGcyLmFtYXpvbnRydXN0LmNvbS9yb290ZzIuY2Vy\nMD0GA1UdHwQ2MDQwMqAwoC6GLGh0dHA6Ly9jcmwucm9vdGcyLmFtYXpvbnRydXN0\nLmNvbS9yb290ZzIuY3JsMBEGA1UdIAQKMAgwBgYEVR0gADANBgkqhkiG9w0BAQsF\nAAOCAQEAYjdCXLwQtT6LLOkMm2xF4gcAevnFWAu5CIw+7bMlPLVvUOTNNWqnkzSW\nMiGpSESrnO09tKpzbeR/FoCJbM8oAxiDR3mjEH4wW6w7sGDgd9QIpuEdfF7Au/ma\neyKdpwAJfqxGF4PcnCZXmTA5YpaP7dreqsXMGz7KQ2hsVxa81Q4gLv7/wmpdLqBK\nbRRYh5TmOTFffHPLkIhqhBGWJ6bt2YFGpn6jcgAKUj6DiAdjd4lpFw85hdKrCEVN\n0FE6/V1dN2RMfjCyVSRCnTawXZwXgWHxyvkQAiSr6w10kY17RSlQOYiypok1JR4U\nakcjMS9cmvqtmg5iUaQqqcT5NJ0hGA==\n-----END CERTIFICATE-----\n",
                "is_ca": true,
                "issuer": "CN=Starfield Services Root Certificate Authority - G2,O=Starfield Technologies\\, Inc.,L=Scottsdale,ST=Arizona,C=US",
                "not_after": "2037-12-31T01:00:00Z",
                "not_before": "2015-05-25T12:00:00Z",
                "public_key_algorithm": "RSA",
                "serial_number": "144918191876577076464031512351042010504348870",
                "sha1_fingerprint": "06b25927c42a721631c1efd9431e648fa62e1e39",
                "signature_algorithm": "SHA256-RSA",
                "subject": "CN=Amazon Root CA 1,O=Amazon,C=US",
                "version": 3
              },
              {
                "cert_pem": "-----BEGIN CERTIFICATE-----\nMIIEXjCCA0agAwIBAgITB3MSTNQG0mfAmRzdKZqfODF5hTANBgkqhkiG9w0BAQsF\nADA5MQswCQYDVQQGEwJVUzEPMA0GA1UEChMGQW1hem9uMRkwFwYDVQQDExBBbWF6\nb24gUm9vdCBDQSAxMB4XDTIyMDgyMzIyMjYwNFoXDTMwMDgyMzIyMjYwNFowPDEL\nMAkGA1UEBhMCVVMxDzANBgNVBAoTBkFtYXpvbjEcMBoGA1UEAxMTQW1hem9uIFJT\nQSAyMDQ4IE0wMzCCASIwDQYJKoZIhvcNAQEBBQADggEPADCCAQoCggEBALd/pVko\n8vuM475Tf45HV3BbCl/B9Jy89G1CRkFjcPY06WA9lS+7dWbUA7GtWUKoksr69hKM\nwcMsNpxlw7b3jeXFgxB09/nmalcAWtnLzF+LaDKEA5DQmvKzuh1nfIfqEiKCQSmX\nXh09Xs+dO7cm5qbaL2hhNJCSAejciwcvOFgFNgEMR42wm6KIFHsQW28jhA+1u/M0\np6fVwReuEgZfLfdx82Px0LJck3lST3EB/JfbdsdOzzzg5YkY1dfuqf8y5fUeZ7Cz\nWXbTjujwX/TovmeWKA36VLCz75azW6tDNuDn66FOpADZZ9omVaF6BqNJiLMVl6P3\n/c0OiUMC6Z5OfKcCAwEAAaOCAVowggFWMBIGA1UdEwEB/wQIMAYBAf8CAQAwDgYD\nVR0PAQH/BAQDAgGGMB0GA1UdJQQWMBQGCCsGAQUFBwMBBggrBgEFBQcDAjAdBgNV\nHQ4EFgQUVdkYX9IczAHhWLS+q9lVQgHXLgIwHwYDVR0jBBgwFoAUhBjMhTTsvAyU\nlC4IWZzHshBOCggwewYIKwYBBQUHAQEEbzBtMC8GCCsGAQUFBzABhiNodHRwOi8v\nb2NzcC5yb290Y2ExLmFtYXpvbnRydXN0LmNvbTA6BggrBgEFBQcwAoYuaHR0cDov\nL2NydC5yb290Y2ExLmFtYXpvbnRydXN0LmNvbS9yb290Y2ExLmNlcjA/BgNVHR8E\nODA2MDSgMqAwhi5odHRwOi8vY3JsLnJvb3RjYTEuYW1hem9udHJ1c3QuY29tL3Jv\nb3RjYTEuY3JsMBMGA1UdIAQMMAowCAYGZ4EMAQIBMA0GCSqGSIb3DQEBCwUAA4IB\nAQAGjeWm2cC+3z2MzSCnte46/7JZvj3iQZDY7EvODNdZF41n71Lrk9kbfNwerK0d\nVNzW36Wefr7j7ZSwBVg50W5ay65jNSN74TTQV1yt4WnSbVvN6KlMs1hiyOZdoHKs\nKDV2UGNxbdoBYCQNa2GYF8FQIWLugNp35aSOpMy6cFlymFQomIrnOQHwK1nvVY4q\nxDSJMU/gNJz17D8ArPN3ngnyZ2TwepJ0uBINz3G5te2rdFUF4i4Y3Bb7FUlHDYm4\nu8aIRGpk2ZpfXmxaoxnbIBZRvGLPSUuPwnwoUOMsJ8jirI5vs2dvchPb7MtI1rle\ni02f2ivH2vxkjDLltSpe2fiC\n-----END CERTIFICATE-----\n",
                "is_ca": true,
                "issuer": "CN=Amazon Root CA 1,O=Amazon,C=US",
                "not_after": "2030-08-23T22:26:04Z",
                "not_before": "2022-08-23T22:26:04Z",
                "public_key_algorithm": "RSA",
                "serial_number": "166129356476704345391986644047206454194698629",
                "sha1_fingerprint": "d9fe0a65fa00cabf61f5120d373a8135e1461f15",
                "signature_algorithm": "SHA256-RSA",
                "subject": "CN=Amazon RSA 2048 M03,O=Amazon,C=US",
                "version": 3
              },
              {
                "cert_pem": "-----BEGIN CERTIFICATE-----\nMIIF6zCCBNOgAwIBAgIQC4hEi7pJ3+PGBwfnYdVdtjANBgkqhkiG9w0BAQsFADA8\nMQswCQYDVQQGEwJVUzEPMA0GA1UEChMGQW1hem9uMRwwGgYDVQQDExNBbWF6b24g\nUlNBIDIwNDggTTAzMB4XDTI1MDIyNjAwMDAwMFoXDTI2MDMyODIzNTk1OVowKzEp\nMCcGA1UEAwwgKi5la3MuZXUtY2VudHJhbC0xLmFtYXpvbmF3cy5jb20wggEiMA0G\nCSqGSIb3DQEBAQUAA4IBDwAwggEKAoIBAQC8puZUGMtG9NupSlPRt3lJH/6LUZkA\nna0255m0jGkEEEasY5c3Y9y/5wn11wU1h9QNNOC9KoOhHRsIr4ElOp5fQl1aEZmx\nd29ecm27kLwomsvBvYiNBT1fPVvcLJ63h0jYpe2id0XBlBKPmgA2gmFrmejgwhvn\n5P+jETAB4Matc9OreyTIi1Ka/B79rw5Xl+ktuPfjGkf5rIrAEij58j8Th3hxC1JC\np4ItbIUXB4D9+xu/WGkkBf09oMW2Gtn1BA3K6gPBD+4x7kYkSCIaHPYNybXu2VaD\nVzAIMNLQDqV6ZstzwT5EosGka1MlUDqglgauT7uO7J471DLBCU37Oy1zAgMBAAGj\nggL4MIIC9DAfBgNVHSMEGDAWgBRV2Rhf0hzMAeFYtL6r2VVCAdcuAjAdBgNVHQ4E\nFgQU3e7kV+q/ZIOdeba4p0AY4fLWbDEwKwYDVR0RBCQwIoIgKi5la3MuZXUtY2Vu\ndHJhbC0xLmFtYXpvbmF3cy5jb20wEwYDVR0gBAwwCjAIBgZngQwBAgEwDgYDVR0P\nAQH/BAQDAgWgMB0GA1UdJQQWMBQGCCsGAQUFBwMBBggrBgEFBQcDAjA7BgNVHR8E\nNDAyMDCgLqAshipodHRwOi8vY3JsLnIybTAzLmFtYXpvbnRydXN0LmNvbS9yMm0w\nMy5jcmwwdQYIKwYBBQUHAQEEaTBnMC0GCCsGAQUFBzABhiFodHRwOi8vb2NzcC5y\nMm0wMy5hbWF6b250cnVzdC5jb20wNgYIKwYBBQUHMAKGKmh0dHA6Ly9jcnQucjJt\nMDMuYW1hem9udHJ1c3QuY29tL3IybTAzLmNlcjAMBgNVHRMBAf8EAjAAMIIBfQYK\nKwYBBAHWeQIEAgSCAW0EggFpAWcAdgCWl2S/VViXrfdDh2g3CEJ36fA61fak8zZu\nRqQ/D8qpxgAAAZU/pyUOAAAEAwBHMEUCIQCNGYIB9FphlXfLsCVhQa/nNyVA/OdF\nRAGBY1lYwOesgQIgSxIRDYVexFOcPgi5z+hd4vJ0msxgtzn1r8r0GuIgb+UAdgBk\nEcRspBLsp4kcogIuALyrTygH1B41J6vq/tUDyX3N8AAAAZU/pyUSAAAEAwBHMEUC\nICjGzP3jERdiAZx7Y/+lBeGcMETjSt4wPuxC+VwI7b0lAiEAqM0tpbUmGJ9na6SZ\nWOyoCOPCI+kdhNnAw/Q/Sz5tMs4AdQBJnJtp3h187Pw23s2HZKa4W68Kh4AZ0VVS\n++nrKd34wwAAAZU/pyUoAAAEAwBGMEQCIHxndNIoIP6XqwGW2Rbxv/u6Yf92X/Ri\nDTsMsAB0en88AiB0S+seC5AF4ZbNRgblgu6rqYc1oPH8VDEgP4ji6M4NFzANBgkq\nhkiG9w0BAQsFAAOCAQEAVIDr+wgnND9P7BO6f8X6bcNZ6GoCp+Rsj47shArfCRgF\np50/8kK5KeMVnXKeEy0LJ/9D3/oHWV2TGLa9lsoCwG06hwUpXXtG3lW1HEGUOgiM\nCCsPxK8/MX8fseEfBwu+Yy/2JYRYwrybKe/aTs1DSs60tOQO5qQj1nvT1f2sMnSC\nAwIYWSGmkCzftcwPDcdVcGU3wS6tDBLVQIZwUPbfA52m7WullmKGbrDjGn5Cy7iW\nelyfkmEJcEAYW4ctx/jrV49P7tq+14HAVZqbnrd0s0wUKnq0kKMztNN96Ce9TNS2\nEKPavd8oe0ZM/cBQR1tVjNi5R1af9reYYUHKYSv01g==\n-----END CERTIFICATE-----\n",
                "is_ca": false,
                "issuer": "CN=Amazon RSA 2048 M03,O=Amazon,C=US",
                "not_after": "2026-03-28T23:59:59Z",
                "not_before": "2025-02-26T00:00:00Z",
                "public_key_algorithm": "RSA",
                "serial_number": "15329050600615969656761797089774886326",
                "sha1_fingerprint": "c3c07e30211ff224dc6db2086d7bbaa42929a81e",
                "signature_algorithm": "SHA256-RSA",
                "subject": "CN=*.eks.eu-central-1.amazonaws.com",
                "version": 3
              }
            ],
            "content": null,
            "id": "efc5619605e4300447be4c860675ff76c35033c7",
            "url": "https://oidc.eks.eu-central-1.amazonaws.com/id/A0840C4ADC0CAB5DB31BD5D85DAC4F30",
            "verify_chain": true
          },
          "sensitive_attributes": []
        }
      ]
    },
    {
      "module": "module.eks",
      "mode": "managed",
      "type": "aws_ec2_tag",
      "name": "cluster_primary_security_group",
      "provider": "provider[\"registry.terraform.io/hashicorp/aws\"]",
      "instances": [
        {
          "index_key": "Environment",
          "schema_version": 0,
          "attributes": {
            "id": "sg-0d70c608c2ebd59a1,Environment",
            "key": "Environment",
            "resource_id": "sg-0d70c608c2ebd59a1",
            "value": "production"
          },
          "sensitive_attributes": [],
          "private": "bnVsbA==",
          "dependencies": [
            "aws_iam_role.eks_cluster",
            "data.aws_availability_zones.available",
            "module.eks.aws_cloudwatch_log_group.this",
            "module.eks.aws_eks_cluster.this",
            "module.eks.aws_iam_policy.cni_ipv6_policy",
            "module.eks.aws_iam_role.this",
            "module.eks.aws_iam_role_policy_attachment.this",
            "module.eks.aws_security_group.cluster",
            "module.eks.aws_security_group.node",
            "module.eks.aws_security_group_rule.cluster",
            "module.eks.aws_security_group_rule.node",
            "module.eks.data.aws_partition.current",
            "module.eks.module.kms.aws_kms_external_key.this",
            "module.eks.module.kms.aws_kms_key.this",
            "module.eks.module.kms.aws_kms_replica_external_key.this",
            "module.eks.module.kms.aws_kms_replica_key.this",
            "module.vpc.aws_subnet.private",
            "module.vpc.aws_vpc.this",
            "module.vpc.aws_vpc_ipv4_cidr_block_association.this"
          ]
        },
        {
          "index_key": "Project",
          "schema_version": 0,
          "attributes": {
            "id": "sg-0d70c608c2ebd59a1,Project",
            "key": "Project",
            "resource_id": "sg-0d70c608c2ebd59a1",
            "value": "tinder-languages"
          },
          "sensitive_attributes": [],
          "private": "bnVsbA==",
          "dependencies": [
            "aws_iam_role.eks_cluster",
            "data.aws_availability_zones.available",
            "module.eks.aws_cloudwatch_log_group.this",
            "module.eks.aws_eks_cluster.this",
            "module.eks.aws_iam_policy.cni_ipv6_policy",
            "module.eks.aws_iam_role.this",
            "module.eks.aws_iam_role_policy_attachment.this",
            "module.eks.aws_security_group.cluster",
            "module.eks.aws_security_group.node",
            "module.eks.aws_security_group_rule.cluster",
            "module.eks.aws_security_group_rule.node",
            "module.eks.data.aws_partition.current",
            "module.eks.module.kms.aws_kms_external_key.this",
            "module.eks.module.kms.aws_kms_key.this",
            "module.eks.module.kms.aws_kms_replica_external_key.this",
            "module.eks.module.kms.aws_kms_replica_key.this",
            "module.vpc.aws_subnet.private",
            "module.vpc.aws_vpc.this",
            "module.vpc.aws_vpc_ipv4_cidr_block_association.this"
          ]
        }
      ]
    },
    {
      "module": "module.eks",
      "mode": "managed",
      "type": "aws_eks_cluster",
      "name": "this",
      "provider": "provider[\"registry.terraform.io/hashicorp/aws\"]",
      "instances": [
        {
          "index_key": 0,
          "schema_version": 1,
          "attributes": {
            "access_config": [
              {
                "authentication_mode": "API_AND_CONFIG_MAP",
                "bootstrap_cluster_creator_admin_permissions": false
              }
            ],
            "arn": "arn:aws:eks:eu-central-1:664111151564:cluster/tinder-languages-cluster",
            "bootstrap_self_managed_addons": true,
            "certificate_authority": [
              {
                "data": "LS0tLS1CRUdJTiBDRVJUSUZJQ0FURS0tLS0tCk1JSURCVENDQWUyZ0F3SUJBZ0lJVmlUZTlySGFkekV3RFFZSktvWklodmNOQVFFTEJRQXdGVEVUTUJFR0ExVUUKQXhNS2EzVmlaWEp1WlhSbGN6QWVGdzB5TlRFeU1qWXhOVFU1TWpWYUZ3MHpOVEV5TWpReE5qQTBNalZhTUJVeApFekFSQmdOVkJBTVRDbXQxWW1WeWJtVjBaWE13Z2dFaU1BMEdDU3FHU0liM0RRRUJBUVVBQTRJQkR3QXdnZ0VLCkFvSUJBUUMwWVBXTngwNWhrMEJneHdieGFlOXcrekpCV1BWQnhsYjRsZ0xoWlMrTjBRQ2dYOUg3dWxLdXZTbDAKVHkvT1VNK1FqK3pBd2dvR1JmdjdoUTBjRWtkdWlkT0Qyay9RTEJRL1kzcGcyN2xVeGRoRzNNekNBTDg3YnhGSQo4S0FNTXFCYnJOYjhkU0lXSTk4eWsrNUNtdWRPNlNycVVNRFdQZEpQTFZLR2FONkFHbmYrblh0d2xOamdyOXZRClRFNmhldGdGNXNlNTAvRnJqc2RvZFc1WjVsOHY2WjFTWG51dXRKbDZoY3d4ZU4xbTd3RkpsN3JXeDFRNTFiSSsKTm84Q21Nd1ppVjBXRjVpUU1PWWlHaDZjVlhyZHIxTnFCem01UEl1MUxSNTNHZXZRS0lXSStWL21RZHVHcnNabgpxd2haZ01kaVVnTFAwRjZxUnBaWUZwd0NTYVhCQWdNQkFBR2pXVEJYTUE0R0ExVWREd0VCL3dRRUF3SUNwREFQCkJnTlZIUk1CQWY4RUJUQURBUUgvTUIwR0ExVWREZ1FXQkJReG4rbUZTZHVOUnhPb1p3eWtkRWVKeGlZbEhqQVYKQmdOVkhSRUVEakFNZ2dwcmRXSmxjbTVsZEdWek1BMEdDU3FHU0liM0RRRUJDd1VBQTRJQkFRQ3BaKys1YSsrZgpnTFBCV3JVNWZKam1DMVJQNm5uenZPUElaTk45STVLQll6UWltcDhqRUlpMnRRamdFZXdLRVMyRWVLdHA5OEFyCjU3SWgrSTg4eHlzcFFzTWMrZkZoSkk5MHlvckgvUEdIdXA3Zk9GTTJpckozVDBpVUkvOXo4SXNKd0NDdi9YK3MKWDRtUHlzMzJZcktOajlxTXlCT1lYOXRBbFZSZDdIYmVvaWpXcUNMK3BRcUtIZUI5STRNTmxGMW91YzA4eFFhZApzY21hQ3BvL0VmWVF1Z2cyMnVDNmdIekdHWGEvMjZkZVlUVWJRZDYyRlAzcjBZeDUyV3hmbzBQb05BeDRCN2lxClJRT1FIbkpVY2dwaU5Od1loNHhHNkVJM1JJamZMeGpnd1BKQkxOcVY3SzQza05aVHhrdms0R2xzY3Jac2JiUkUKYVRtbmtlUFZ5OEUvCi0tLS0tRU5EIENFUlRJRklDQVRFLS0tLS0K"
              }
            ],
            "cluster_id": null,
            "compute_config": [],
            "created_at": "2025-12-26T15:58:50Z",
            "enabled_cluster_log_types": null,
            "encryption_config": [],
            "endpoint": "https://A0840C4ADC0CAB5DB31BD5D85DAC4F30.gr7.eu-central-1.eks.amazonaws.com",
            "force_update_version": null,
            "id": "tinder-languages-cluster",
            "identity": [
              {
                "oidc": [
                  {
                    "issuer": "https://oidc.eks.eu-central-1.amazonaws.com/id/A0840C4ADC0CAB5DB31BD5D85DAC4F30"
                  }
                ]
              }
            ],
            "kubernetes_network_config": [
              {
                "elastic_load_balancing": [
                  {
                    "enabled": false
                  }
                ],
                "ip_family": "ipv4",
                "service_ipv4_cidr": "172.20.0.0/16",
                "service_ipv6_cidr": ""
              }
            ],
            "name": "tinder-languages-cluster",
            "outpost_config": [],
            "platform_version": "eks.58",
            "remote_network_config": [],
            "role_arn": "arn:aws:iam::664111151564:role/eks-cluster-role",
            "status": "ACTIVE",
            "storage_config": [],
            "tags": {
              "Environment": "production",
              "Project": "tinder-languages",
              "terraform-aws-modules": "eks"
            },
            "tags_all": {
              "Environment": "production",
              "Project": "tinder-languages",
              "terraform-aws-modules": "eks"
            },
            "timeouts": {
              "create": null,
              "delete": null,
              "update": null
            },
            "upgrade_policy": [
              {
                "support_type": "EXTENDED"
              }
            ],
            "version": "1.29",
            "vpc_config": [
              {
                "cluster_security_group_id": "sg-0d70c608c2ebd59a1",
                "endpoint_private_access": true,
                "endpoint_public_access": true,
                "public_access_cidrs": [
                  "0.0.0.0/0"
                ],
                "security_group_ids": [
                  "sg-0b113bf3af27ffe5c"
                ],
                "subnet_ids": [
                  "subnet-003f3912689a50a51",
                  "subnet-0b4d84e9ca2399f22",
                  "subnet-0e9de36884c2d4bf2"
                ],
                "vpc_id": "vpc-0c84dfdf3ba8a9c85"
              }
            ],
            "zonal_shift_config": []
          },
          "sensitive_attributes": [],
          "private": "eyJlMmJmYjczMC1lY2FhLTExZTYtOGY4OC0zNDM2M2JjN2M0YzAiOnsiY3JlYXRlIjoxODAwMDAwMDAwMDAwLCJkZWxldGUiOjkwMDAwMDAwMDAwMCwidXBkYXRlIjozNjAwMDAwMDAwMDAwfSwic2NoZW1hX3ZlcnNpb24iOiIxIn0=",
          "dependencies": [
            "aws_iam_role.eks_cluster",
            "data.aws_availability_zones.available",
            "module.eks.aws_cloudwatch_log_group.this",
            "module.eks.aws_iam_policy.cni_ipv6_policy",
            "module.eks.aws_iam_role.this",
            "module.eks.aws_iam_role_policy_attachment.this",
            "module.eks.aws_security_group.cluster",
            "module.eks.aws_security_group.node",
            "module.eks.aws_security_group_rule.cluster",
            "module.eks.aws_security_group_rule.node",
            "module.eks.data.aws_partition.current",
            "module.eks.module.kms.aws_kms_external_key.this",
            "module.eks.module.kms.aws_kms_key.this",
            "module.eks.module.kms.aws_kms_replica_external_key.this",
            "module.eks.module.kms.aws_kms_replica_key.this",
            "module.vpc.aws_subnet.private",
            "module.vpc.aws_vpc.this",
            "module.vpc.aws_vpc_ipv4_cidr_block_association.this"
          ]
        }
      ]
    },
    {
      "module": "module.eks",
      "mode": "managed",
      "type": "aws_iam_openid_connect_provider",
      "name": "oidc_provider",
      "provider": "provider[\"registry.terraform.io/hashicorp/aws\"]",
      "instances": [
        {
          "index_key": 0,
          "schema_version": 0,
          "attributes": {
            "arn": "arn:aws:iam::664111151564:oidc-provider/oidc.eks.eu-central-1.amazonaws.com/id/A0840C4ADC0CAB5DB31BD5D85DAC4F30",
            "client_id_list": [
              "sts.amazonaws.com"
            ],
            "id": "arn:aws:iam::664111151564:oidc-provider/oidc.eks.eu-central-1.amazonaws.com/id/A0840C4ADC0CAB5DB31BD5D85DAC4F30",
            "tags": {
              "Environment": "production",
              "Name": "tinder-languages-cluster-eks-irsa",
              "Project": "tinder-languages"
            },
            "tags_all": {
              "Environment": "production",
              "Name": "tinder-languages-cluster-eks-irsa",
              "Project": "tinder-languages"
            },
            "thumbprint_list": [
              "06b25927c42a721631c1efd9431e648fa62e1e39"
            ],
            "url": "oidc.eks.eu-central-1.amazonaws.com/id/A0840C4ADC0CAB5DB31BD5D85DAC4F30"
          },
          "sensitive_attributes": [],
          "private": "bnVsbA==",
          "dependencies": [
            "aws_iam_role.eks_cluster",
            "data.aws_availability_zones.available",
            "module.eks.aws_cloudwatch_log_group.this",
            "module.eks.aws_eks_cluster.this",
            "module.eks.aws_iam_policy.cni_ipv6_policy",
            "module.eks.aws_iam_role.this",
            "module.eks.aws_iam_role_policy_attachment.this",
            "module.eks.aws_security_group.cluster",
            "module.eks.aws_security_group.node",
            "module.eks.aws_security_group_rule.cluster",
            "module.eks.aws_security_group_rule.node",
            "module.eks.data.aws_partition.current",
            "module.eks.data.tls_certificate.this",
            "module.eks.module.kms.aws_kms_external_key.this",
            "module.eks.module.kms.aws_kms_key.this",
            "module.eks.module.kms.aws_kms_replica_external_key.this",
            "module.eks.module.kms.aws_kms_replica_key.this",
            "module.vpc.aws_subnet.private",
            "module.vpc.aws_vpc.this",
            "module.vpc.aws_vpc_ipv4_cidr_block_association.this"
          ]
        }
      ]
    },
    {
      "module": "module.eks",
      "mode": "managed",
      "type": "aws_security_group",
      "name": "cluster",
      "provider": "provider[\"registry.terraform.io/hashicorp/aws\"]",
      "instances": [
        {
          "index_key": 0,
          "schema_version": 1,
          "attributes": {
            "arn": "arn:aws:ec2:eu-central-1:664111151564:security-group/sg-0b113bf3af27ffe5c",
            "description": "EKS cluster security group",
            "egress": [],
            "id": "sg-0b113bf3af27ffe5c",
            "ingress": [],
            "name": "tinder-languages-cluster-cluster-20251226155830317300000005",
            "name_prefix": "tinder-languages-cluster-cluster-",
            "owner_id": "664111151564",
            "revoke_rules_on_delete": false,
            "tags": {
              "Environment": "production",
              "Name": "tinder-languages-cluster-cluster",
              "Project": "tinder-languages"
            },
            "tags_all": {
              "Environment": "production",
              "Name": "tinder-languages-cluster-cluster",
              "Project": "tinder-languages"
            },
            "timeouts": null,
            "vpc_id": "vpc-0c84dfdf3ba8a9c85"
          },
          "sensitive_attributes": [],
          "private": "eyJlMmJmYjczMC1lY2FhLTExZTYtOGY4OC0zNDM2M2JjN2M0YzAiOnsiY3JlYXRlIjo2MDAwMDAwMDAwMDAsImRlbGV0ZSI6OTAwMDAwMDAwMDAwfSwic2NoZW1hX3ZlcnNpb24iOiIxIn0=",
          "dependencies": [
            "module.vpc.aws_vpc.this"
          ],
          "create_before_destroy": true
        }
      ]
    },
    {
      "module": "module.eks",
      "mode": "managed",
      "type": "aws_security_group",
      "name": "node",
      "provider": "provider[\"registry.terraform.io/hashicorp/aws\"]",
      "instances": [
        {
          "index_key": 0,
          "schema_version": 1,
          "attributes": {
            "arn": "arn:aws:ec2:eu-central-1:664111151564:security-group/sg-0ed0ca09861d06db0",
            "description": "EKS node shared security group",
            "egress": [],
            "id": "sg-0ed0ca09861d06db0",
            "ingress": [],
            "name": "tinder-languages-cluster-node-20251226155830316400000003",
            "name_prefix": "tinder-languages-cluster-node-",
            "owner_id": "664111151564",
            "revoke_rules_on_delete": false,
            "tags": {
              "Environment": "production",
              "Name": "tinder-languages-cluster-node",
              "Project": "tinder-languages",
              "kubernetes.io/cluster/tinder-languages-cluster": "owned"
            },
            "tags_all": {
              "Environment": "production",
              "Name": "tinder-languages-cluster-node",
              "Project": "tinder-languages",
              "kubernetes.io/cluster/tinder-languages-cluster": "owned"
            },
            "timeouts": null,
            "vpc_id": "vpc-0c84dfdf3ba8a9c85"
          },
          "sensitive_attributes": [],
          "private": "eyJlMmJmYjczMC1lY2FhLTExZTYtOGY4OC0zNDM2M2JjN2M0YzAiOnsiY3JlYXRlIjo2MDAwMDAwMDAwMDAsImRlbGV0ZSI6OTAwMDAwMDAwMDAwfSwic2NoZW1hX3ZlcnNpb24iOiIxIn0=",
          "dependencies": [
            "module.vpc.aws_vpc.this"
          ],
          "create_before_destroy": true
        }
      ]
    },
    {
      "module": "module.eks",
      "mode": "managed",
      "type": "aws_security_group_rule",
      "name": "cluster",
      "provider": "provider[\"registry.terraform.io/hashicorp/aws\"]",
      "instances": [
        {
          "index_key": "ingress_nodes_443",
          "schema_version": 2,
          "attributes": {
            "cidr_blocks": null,
            "description": "Node groups to cluster API",
            "from_port": 443,
            "id": "sgrule-3464815092",
            "ipv6_cidr_blocks": null,
            "prefix_list_ids": null,
            "protocol": "tcp",
            "security_group_id": "sg-0b113bf3af27ffe5c",
            "security_group_rule_id": "sgr-0f49f9c3bb3fea003",
            "self": false,
            "source_security_group_id": "sg-0ed0ca09861d06db0",
            "timeouts": null,
            "to_port": 443,
            "type": "ingress"
          },
          "sensitive_attributes": [],
          "private": "eyJlMmJmYjczMC1lY2FhLTExZTYtOGY4OC0zNDM2M2JjN2M0YzAiOnsiY3JlYXRlIjozMDAwMDAwMDAwMDB9LCJzY2hlbWFfdmVyc2lvbiI6IjIifQ==",
          "dependencies": [
            "module.eks.aws_security_group.cluster",
            "module.eks.aws_security_group.node",
            "module.vpc.aws_vpc.this"
          ]
        }
      ]
    },
    {
      "module": "module.eks",
      "mode": "managed",
      "type": "aws_security_group_rule",
      "name": "node",
      "provider": "provider[\"registry.terraform.io/hashicorp/aws\"]",
      "instances": [
        {
          "index_key": "egress_all",
          "schema_version": 2,
          "attributes": {
            "cidr_blocks": [
              "0.0.0.0/0"
            ],
            "description": "Allow all egress",
            "from_port": 0,
            "id": "sgrule-1206489812",
            "ipv6_cidr_blocks": null,
            "prefix_list_ids": [],
            "protocol": "-1",
            "security_group_id": "sg-0ed0ca09861d06db0",
            "security_group_rule_id": "sgr-03bb3932a5a68b3e7",
            "self": false,
            "source_security_group_id": null,
            "timeouts": null,
            "to_port": 0,
            "type": "egress"
          },
          "sensitive_attributes": [],
          "private": "eyJlMmJmYjczMC1lY2FhLTExZTYtOGY4OC0zNDM2M2JjN2M0YzAiOnsiY3JlYXRlIjozMDAwMDAwMDAwMDB9LCJzY2hlbWFfdmVyc2lvbiI6IjIifQ==",
          "dependencies": [
            "module.eks.aws_security_group.cluster",
            "module.eks.aws_security_group.node",
            "module.vpc.aws_vpc.this"
          ]
        },
        {
          "index_key": "ingress_cluster_443",
          "schema_version": 2,
          "attributes": {
            "cidr_blocks": null,
            "description": "Cluster API to node groups",
            "from_port": 443,
            "id": "sgrule-2615633116",
            "ipv6_cidr_blocks": null,
            "prefix_list_ids": [],
            "protocol": "tcp",
            "security_group_id": "sg-0ed0ca09861d06db0",
            "security_group_rule_id": "sgr-0b1a3f883c7a41ae5",
            "self": false,
            "source_security_group_id": "sg-0b113bf3af27ffe5c",
            "timeouts": null,
            "to_port": 443,
            "type": "ingress"
          },
          "sensitive_attributes": [],
          "private": "eyJlMmJmYjczMC1lY2FhLTExZTYtOGY4OC0zNDM2M2JjN2M0YzAiOnsiY3JlYXRlIjozMDAwMDAwMDAwMDB9LCJzY2hlbWFfdmVyc2lvbiI6IjIifQ==",
          "dependencies": [
            "module.eks.aws_security_group.cluster",
            "module.eks.aws_security_group.node",
            "module.vpc.aws_vpc.this"
          ]
        },
        {
          "index_key": "ingress_cluster_4443_webhook",
          "schema_version": 2,
          "attributes": {
            "cidr_blocks": null,
            "description": "Cluster API to node 4443/tcp webhook",
            "from_port": 4443,
            "id": "sgrule-589271914",
            "ipv6_cidr_blocks": null,
            "prefix_list_ids": [],
            "protocol": "tcp",
            "security_group_id": "sg-0ed0ca09861d06db0",
            "security_group_rule_id": "sgr-070b1f808a4456592",
            "self": false,
            "source_security_group_id": "sg-0b113bf3af27ffe5c",
            "timeouts": null,
            "to_port": 4443,
            "type": "ingress"
          },
          "sensitive_attributes": [],
          "private": "eyJlMmJmYjczMC1lY2FhLTExZTYtOGY4OC0zNDM2M2JjN2M0YzAiOnsiY3JlYXRlIjozMDAwMDAwMDAwMDB9LCJzY2hlbWFfdmVyc2lvbiI6IjIifQ==",
          "dependencies": [
            "module.eks.aws_security_group.cluster",
            "module.eks.aws_security_group.node",
            "module.vpc.aws_vpc.this"
          ]
        },
        {
          "index_key": "ingress_cluster_6443_webhook",
          "schema_version": 2,
          "attributes": {
            "cidr_blocks": null,
            "description": "Cluster API to node 6443/tcp webhook",
            "from_port": 6443,
            "id": "sgrule-3932026108",
            "ipv6_cidr_blocks": null,
            "prefix_list_ids": [],
            "protocol": "tcp",
            "security_group_id": "sg-0ed0ca09861d06db0",
            "security_group_rule_id": "sgr-079657282c80d4d73",
            "self": false,
            "source_security_group_id": "sg-0b113bf3af27ffe5c",
            "timeouts": null,
            "to_port": 6443,
            "type": "ingress"
          },
          "sensitive_attributes": [],
          "private": "eyJlMmJmYjczMC1lY2FhLTExZTYtOGY4OC0zNDM2M2JjN2M0YzAiOnsiY3JlYXRlIjozMDAwMDAwMDAwMDB9LCJzY2hlbWFfdmVyc2lvbiI6IjIifQ==",
          "dependencies": [
            "module.eks.aws_security_group.cluster",
            "module.eks.aws_security_group.node",
            "module.vpc.aws_vpc.this"
          ]
        },
        {
          "index_key": "ingress_cluster_8443_webhook",
          "schema_version": 2,
          "attributes": {
            "cidr_blocks": null,
            "description": "Cluster API to node 8443/tcp webhook",
            "from_port": 8443,
            "id": "sgrule-4177643741",
            "ipv6_cidr_blocks": null,
            "prefix_list_ids": [],
            "protocol": "tcp",
            "security_group_id": "sg-0ed0ca09861d06db0",
            "security_group_rule_id": "sgr-04716395674d26590",
            "self": false,
            "source_security_group_id": "sg-0b113bf3af27ffe5c",
            "timeouts": null,
            "to_port": 8443,
            "type": "ingress"
          },
          "sensitive_attributes": [],
          "private": "eyJlMmJmYjczMC1lY2FhLTExZTYtOGY4OC0zNDM2M2JjN2M0YzAiOnsiY3JlYXRlIjozMDAwMDAwMDAwMDB9LCJzY2hlbWFfdmVyc2lvbiI6IjIifQ==",
          "dependencies": [
            "module.eks.aws_security_group.cluster",
            "module.eks.aws_security_group.node",
            "module.vpc.aws_vpc.this"
          ]
        },
        {
          "index_key": "ingress_cluster_9443_webhook",
          "schema_version": 2,
          "attributes": {
            "cidr_blocks": null,
            "description": "Cluster API to node 9443/tcp webhook",
            "from_port": 9443,
            "id": "sgrule-2644572950",
            "ipv6_cidr_blocks": null,
            "prefix_list_ids": [],
            "protocol": "tcp",
            "security_group_id": "sg-0ed0ca09861d06db0",
            "security_group_rule_id": "sgr-001912f1384da8fdc",
            "self": false,
            "source_security_group_id": "sg-0b113bf3af27ffe5c",
            "timeouts": null,
            "to_port": 9443,
            "type": "ingress"
          },
          "sensitive_attributes": [],
          "private": "eyJlMmJmYjczMC1lY2FhLTExZTYtOGY4OC0zNDM2M2JjN2M0YzAiOnsiY3JlYXRlIjozMDAwMDAwMDAwMDB9LCJzY2hlbWFfdmVyc2lvbiI6IjIifQ==",
          "dependencies": [
            "module.eks.aws_security_group.cluster",
            "module.eks.aws_security_group.node",
            "module.vpc.aws_vpc.this"
          ]
        },
        {
          "index_key": "ingress_cluster_kubelet",
          "schema_version": 2,
          "attributes": {
            "cidr_blocks": null,
            "description": "Cluster API to node kubelets",
            "from_port": 10250,
            "id": "sgrule-155161245",
            "ipv6_cidr_blocks": null,
            "prefix_list_ids": [],
            "protocol": "tcp",
            "security_group_id": "sg-0ed0ca09861d06db0",
            "security_group_rule_id": "sgr-040713cd00708114e",
            "self": false,
            "source_security_group_id": "sg-0b113bf3af27ffe5c",
            "timeouts": null,
            "to_port": 10250,
            "type": "ingress"
          },
          "sensitive_attributes": [],
          "private": "eyJlMmJmYjczMC1lY2FhLTExZTYtOGY4OC0zNDM2M2JjN2M0YzAiOnsiY3JlYXRlIjozMDAwMDAwMDAwMDB9LCJzY2hlbWFfdmVyc2lvbiI6IjIifQ==",
          "dependencies": [
            "module.eks.aws_security_group.cluster",
            "module.eks.aws_security_group.node",
            "module.vpc.aws_vpc.this"
          ]
        },
        {
          "index_key": "ingress_nodes_ephemeral",
          "schema_version": 2,
          "attributes": {
            "cidr_blocks": null,
            "description": "Node to node ingress on ephemeral ports",
            "from_port": 1025,
            "id": "sgrule-3300002115",
            "ipv6_cidr_blocks": null,
            "prefix_list_ids": [],
            "protocol": "tcp",
            "security_group_id": "sg-0ed0ca09861d06db0",
            "security_group_rule_id": "sgr-0bc183efad75f7a1a",
            "self": true,
            "source_security_group_id": null,
            "timeouts": null,
            "to_port": 65535,
            "type": "ingress"
          },
          "sensitive_attributes": [],
          "private": "eyJlMmJmYjczMC1lY2FhLTExZTYtOGY4OC0zNDM2M2JjN2M0YzAiOnsiY3JlYXRlIjozMDAwMDAwMDAwMDB9LCJzY2hlbWFfdmVyc2lvbiI6IjIifQ==",
          "dependencies": [
            "module.eks.aws_security_group.cluster",
            "module.eks.aws_security_group.node",
            "module.vpc.aws_vpc.this"
          ]
        },
        {
          "index_key": "ingress_self_coredns_tcp",
          "schema_version": 2,
          "attributes": {
            "cidr_blocks": null,
            "description": "Node to node CoreDNS",
            "from_port": 53,
            "id": "sgrule-3725198815",
            "ipv6_cidr_blocks": null,
            "prefix_list_ids": [],
            "protocol": "tcp",
            "security_group_id": "sg-0ed0ca09861d06db0",
            "security_group_rule_id": "sgr-07459d90fd5b7490a",
            "self": true,
            "source_security_group_id": null,
            "timeouts": null,
            "to_port": 53,
            "type": "ingress"
          },
          "sensitive_attributes": [],
          "private": "eyJlMmJmYjczMC1lY2FhLTExZTYtOGY4OC0zNDM2M2JjN2M0YzAiOnsiY3JlYXRlIjozMDAwMDAwMDAwMDB9LCJzY2hlbWFfdmVyc2lvbiI6IjIifQ==",
          "dependencies": [
            "module.eks.aws_security_group.cluster",
            "module.eks.aws_security_group.node",
            "module.vpc.aws_vpc.this"
          ]
        },
        {
          "index_key": "ingress_self_coredns_udp",
          "schema_version": 2,
          "attributes": {
            "cidr_blocks": null,
            "description": "Node to node CoreDNS UDP",
            "from_port": 53,
            "id": "sgrule-2052433456",
            "ipv6_cidr_blocks": null,
            "prefix_list_ids": [],
            "protocol": "udp",
            "security_group_id": "sg-0ed0ca09861d06db0",
            "security_group_rule_id": "sgr-0a51cccc8f34b0b30",
            "self": true,
            "source_security_group_id": null,
            "timeouts": null,
            "to_port": 53,
            "type": "ingress"
          },
          "sensitive_attributes": [],
          "private": "eyJlMmJmYjczMC1lY2FhLTExZTYtOGY4OC0zNDM2M2JjN2M0YzAiOnsiY3JlYXRlIjozMDAwMDAwMDAwMDB9LCJzY2hlbWFfdmVyc2lvbiI6IjIifQ==",
          "dependencies": [
            "module.eks.aws_security_group.cluster",
            "module.eks.aws_security_group.node",
            "module.vpc.aws_vpc.this"
          ]
        }
      ]
    },
    {
      "module": "module.eks",
      "mode": "managed",
      "type": "time_sleep",
      "name": "this",
      "provider": "provider[\"registry.terraform.io/hashicorp/time\"]",
      "instances": [
        {
          "index_key": 0,
          "schema_version": 0,
          "attributes": {
            "create_duration": "30s",
            "destroy_duration": null,
            "id": "2025-12-26T16:08:26Z",
            "triggers": {
              "cluster_certificate_authority_data": "LS0tLS1CRUdJTiBDRVJUSUZJQ0FURS0tLS0tCk1JSURCVENDQWUyZ0F3SUJBZ0lJVmlUZTlySGFkekV3RFFZSktvWklodmNOQVFFTEJRQXdGVEVUTUJFR0ExVUUKQXhNS2EzVmlaWEp1WlhSbGN6QWVGdzB5TlRFeU1qWXhOVFU1TWpWYUZ3MHpOVEV5TWpReE5qQTBNalZhTUJVeApFekFSQmdOVkJBTVRDbXQxWW1WeWJtVjBaWE13Z2dFaU1BMEdDU3FHU0liM0RRRUJBUVVBQTRJQkR3QXdnZ0VLCkFvSUJBUUMwWVBXTngwNWhrMEJneHdieGFlOXcrekpCV1BWQnhsYjRsZ0xoWlMrTjBRQ2dYOUg3dWxLdXZTbDAKVHkvT1VNK1FqK3pBd2dvR1JmdjdoUTBjRWtkdWlkT0Qyay9RTEJRL1kzcGcyN2xVeGRoRzNNekNBTDg3YnhGSQo4S0FNTXFCYnJOYjhkU0lXSTk4eWsrNUNtdWRPNlNycVVNRFdQZEpQTFZLR2FONkFHbmYrblh0d2xOamdyOXZRClRFNmhldGdGNXNlNTAvRnJqc2RvZFc1WjVsOHY2WjFTWG51dXRKbDZoY3d4ZU4xbTd3RkpsN3JXeDFRNTFiSSsKTm84Q21Nd1ppVjBXRjVpUU1PWWlHaDZjVlhyZHIxTnFCem01UEl1MUxSNTNHZXZRS0lXSStWL21RZHVHcnNabgpxd2haZ01kaVVnTFAwRjZxUnBaWUZwd0NTYVhCQWdNQkFBR2pXVEJYTUE0R0ExVWREd0VCL3dRRUF3SUNwREFQCkJnTlZIUk1CQWY4RUJUQURBUUgvTUIwR0ExVWREZ1FXQkJReG4rbUZTZHVOUnhPb1p3eWtkRWVKeGlZbEhqQVYKQmdOVkhSRUVEakFNZ2dwcmRXSmxjbTVsZEdWek1BMEdDU3FHU0liM0RRRUJDd1VBQTRJQkFRQ3BaKys1YSsrZgpnTFBCV3JVNWZKam1DMVJQNm5uenZPUElaTk45STVLQll6UWltcDhqRUlpMnRRamdFZXdLRVMyRWVLdHA5OEFyCjU3SWgrSTg4eHlzcFFzTWMrZkZoSkk5MHlvckgvUEdIdXA3Zk9GTTJpckozVDBpVUkvOXo4SXNKd0NDdi9YK3MKWDRtUHlzMzJZcktOajlxTXlCT1lYOXRBbFZSZDdIYmVvaWpXcUNMK3BRcUtIZUI5STRNTmxGMW91YzA4eFFhZApzY21hQ3BvL0VmWVF1Z2cyMnVDNmdIekdHWGEvMjZkZVlUVWJRZDYyRlAzcjBZeDUyV3hmbzBQb05BeDRCN2lxClJRT1FIbkpVY2dwaU5Od1loNHhHNkVJM1JJamZMeGpnd1BKQkxOcVY3SzQza05aVHhrdms0R2xzY3Jac2JiUkUKYVRtbmtlUFZ5OEUvCi0tLS0tRU5EIENFUlRJRklDQVRFLS0tLS0K",
              "cluster_endpoint": "https://A0840C4ADC0CAB5DB31BD5D85DAC4F30.gr7.eu-central-1.eks.amazonaws.com",
              "cluster_name": "tinder-languages-cluster",
              "cluster_service_cidr": "172.20.0.0/16",
              "cluster_version": "1.29"
            }
          },
          "sensitive_attributes": [],
          "dependencies": [
            "aws_iam_role.eks_cluster",
            "data.aws_availability_zones.available",
            "module.eks.aws_cloudwatch_log_group.this",
            "module.eks.aws_eks_cluster.this",
            "module.eks.aws_iam_policy.cni_ipv6_policy",
            "module.eks.aws_iam_role.this",
            "module.eks.aws_iam_role_policy_attachment.this",
            "module.eks.aws_security_group.cluster",
            "module.eks.aws_security_group.node",
            "module.eks.aws_security_group_rule.cluster",
            "module.eks.aws_security_group_rule.node",
            "module.eks.data.aws_partition.current",
            "module.eks.module.kms.aws_kms_external_key.this",
            "module.eks.module.kms.aws_kms_key.this",
            "module.eks.module.kms.aws_kms_replica_external_key.this",
            "module.eks.module.kms.aws_kms_replica_key.this",
            "module.vpc.aws_subnet.private",
            "module.vpc.aws_vpc.this",
            "module.vpc.aws_vpc_ipv4_cidr_block_association.this"
          ]
        }
      ]
    },
    {
      "module": "module.eks.module.fargate_profile[\"default\"]",
      "mode": "data",
      "type": "aws_caller_identity",
      "name": "current",
      "provider": "provider[\"registry.terraform.io/hashicorp/aws\"]",
      "instances": [
        {
          "schema_version": 0,
          "attributes": {
            "account_id": "664111151564",
            "arn": "arn:aws:iam::664111151564:user/mcp-da-eliminare",
            "id": "664111151564",
            "user_id": "AIDAZVIA37HGLAYUYIXYJ"
          },
          "sensitive_attributes": []
        }
      ]
    },
    {
      "module": "module.eks.module.fargate_profile[\"default\"]",
      "mode": "data",
      "type": "aws_partition",
      "name": "current",
      "provider": "provider[\"registry.terraform.io/hashicorp/aws\"]",
      "instances": [
        {
          "schema_version": 0,
          "attributes": {
            "dns_suffix": "amazonaws.com",
            "id": "aws",
            "partition": "aws",
            "reverse_dns_prefix": "com.amazonaws"
          },
          "sensitive_attributes": []
        }
      ]
    },
    {
      "module": "module.eks.module.fargate_profile[\"default\"]",
      "mode": "managed",
      "type": "aws_eks_fargate_profile",
      "name": "this",
      "provider": "provider[\"registry.terraform.io/hashicorp/aws\"]",
      "instances": [
        {
          "index_key": 0,
          "schema_version": 0,
          "attributes": {
            "arn": "arn:aws:eks:eu-central-1:664111151564:fargateprofile/tinder-languages-cluster/default/e0cdadb5-9110-cbe5-d872-d8291a2cf977",
            "cluster_name": "tinder-languages-cluster",
            "fargate_profile_name": "default",
            "id": "tinder-languages-cluster:default",
            "pod_execution_role_arn": "arn:aws:iam::664111151564:role/eks-fargate-role",
            "selector": [
              {
                "labels": null,
                "namespace": "kube-system"
              },
              {
                "labels": null,
                "namespace": "tinder-languages"
              }
            ],
            "status": "ACTIVE",
            "subnet_ids": [
              "subnet-003f3912689a50a51",
              "subnet-0b4d84e9ca2399f22",
              "subnet-0e9de36884c2d4bf2"
            ],
            "tags": {
              "Environment": "production",
              "Project": "tinder-languages"
            },
            "tags_all": {
              "Environment": "production",
              "Project": "tinder-languages"
            },
            "timeouts": {
              "create": null,
              "delete": null
            }
          },
          "sensitive_attributes": [],
          "private": "eyJlMmJmYjczMC1lY2FhLTExZTYtOGY4OC0zNDM2M2JjN2M0YzAiOnsiY3JlYXRlIjo2MDAwMDAwMDAwMDAsImRlbGV0ZSI6NjAwMDAwMDAwMDAwfX0=",
          "dependencies": [
            "aws_iam_role.eks_cluster",
            "aws_iam_role.eks_fargate",
            "data.aws_availability_zones.available",
            "module.eks.aws_cloudwatch_log_group.this",
            "module.eks.aws_eks_cluster.this",
            "module.eks.aws_iam_policy.cni_ipv6_policy",
            "module.eks.aws_iam_role.this",
            "module.eks.aws_iam_role_policy_attachment.this",
            "module.eks.aws_security_group.cluster",
            "module.eks.aws_security_group.node",
            "module.eks.aws_security_group_rule.cluster",
            "module.eks.aws_security_group_rule.node",
            "module.eks.data.aws_partition.current",
            "module.eks.module.fargate_profile.aws_iam_role.this",
            "module.eks.module.kms.aws_kms_external_key.this",
            "module.eks.module.kms.aws_kms_key.this",
            "module.eks.module.kms.aws_kms_replica_external_key.this",
            "module.eks.module.kms.aws_kms_replica_key.this",
            "module.eks.time_sleep.this",
            "module.vpc.aws_subnet.private",
            "module.vpc.aws_vpc.this",
            "module.vpc.aws_vpc_ipv4_cidr_block_association.this"
          ]
        }
      ]
    },
    {
      "module": "module.vpc",
      "mode": "managed",
      "type": "aws_default_network_acl",
      "name": "this",
      "provider": "provider[\"registry.terraform.io/hashicorp/aws\"]",
      "instances": [
        {
          "index_key": 0,
          "schema_version": 0,
          "attributes": {
            "arn": "arn:aws:ec2:eu-central-1:664111151564:network-acl/acl-01ec508c84342d96a",
            "default_network_acl_id": "acl-01ec508c84342d96a",
            "egress": [
              {
                "action": "allow",
                "cidr_block": "",
                "from_port": 0,
                "icmp_code": null,
                "icmp_type": null,
                "ipv6_cidr_block": "::/0",
                "protocol": "-1",
                "rule_no": 101,
                "to_port": 0
              },
              {
                "action": "allow",
                "cidr_block": "0.0.0.0/0",
                "from_port": 0,
                "icmp_code": null,
                "icmp_type": null,
                "ipv6_cidr_block": "",
                "protocol": "-1",
                "rule_no": 100,
                "to_port": 0
              }
            ],
            "id": "acl-01ec508c84342d96a",
            "ingress": [
              {
                "action": "allow",
                "cidr_block": "",
                "from_port": 0,
                "icmp_code": null,
                "icmp_type": null,
                "ipv6_cidr_block": "::/0",
                "protocol": "-1",
                "rule_no": 101,
                "to_port": 0
              },
              {
                "action": "allow",
                "cidr_block": "0.0.0.0/0",
                "from_port": 0,
                "icmp_code": null,
                "icmp_type": null,
                "ipv6_cidr_block": "",
                "protocol": "-1",
                "rule_no": 100,
                "to_port": 0
              }
            ],
            "owner_id": "664111151564",
            "subnet_ids": [
              "subnet-0000622edaa324723",
              "subnet-003f3912689a50a51",
              "subnet-0b4d84e9ca2399f22",
              "subnet-0ba31b8e8256b76dd",
              "subnet-0db531915d516670d",
              "subnet-0e9de36884c2d4bf2"
            ],
            "tags": {
              "Environment": "production",
              "Name": "tinder-languages-vpc-default",
              "Project": "tinder-languages"
            },
            "tags_all": {
              "Environment": "production",
              "Name": "tinder-languages-vpc-default",
              "Project": "tinder-languages"
            },
            "vpc_id": "vpc-0c84dfdf3ba8a9c85"
          },
          "sensitive_attributes": [],
          "private": "bnVsbA==",
          "dependencies": [
            "module.vpc.aws_vpc.this"
          ]
        }
      ]
    },
    {
      "module": "module.vpc",
      "mode": "managed",
      "type": "aws_default_route_table",
      "name": "default",
      "provider": "provider[\"registry.terraform.io/hashicorp/aws\"]",
      "instances": [
        {
          "index_key": 0,
          "schema_version": 0,
          "attributes": {
            "arn": "arn:aws:ec2:eu-central-1:664111151564:route-table/rtb-0be313a547dd60fb6",
            "default_route_table_id": "rtb-0be313a547dd60fb6",
            "id": "rtb-0be313a547dd60fb6",
            "owner_id": "664111151564",
            "propagating_vgws": null,
            "route": [],
            "tags": {
              "Environment": "production",
              "Name": "tinder-languages-vpc-default",
              "Project": "tinder-languages"
            },
            "tags_all": {
              "Environment": "production",
              "Name": "tinder-languages-vpc-default",
              "Project": "tinder-languages"
            },
            "timeouts": {
              "create": "5m",
              "update": "5m"
            },
            "vpc_id": "vpc-0c84dfdf3ba8a9c85"
          },
          "sensitive_attributes": [],
          "private": "eyJlMmJmYjczMC1lY2FhLTExZTYtOGY4OC0zNDM2M2JjN2M0YzAiOnsiY3JlYXRlIjozMDAwMDAwMDAwMDAsInVwZGF0ZSI6MzAwMDAwMDAwMDAwfX0=",
          "dependencies": [
            "module.vpc.aws_vpc.this"
          ]
        }
      ]
    },
    {
      "module": "module.vpc",
      "mode": "managed",
      "type": "aws_default_security_group",
      "name": "this",
      "provider": "provider[\"registry.terraform.io/hashicorp/aws\"]",
      "instances": [
        {
          "index_key": 0,
          "schema_version": 1,
          "attributes": {
            "arn": "arn:aws:ec2:eu-central-1:664111151564:security-group/sg-09eb3da81e03f35e6",
            "description": "default VPC security group",
            "egress": [],
            "id": "sg-09eb3da81e03f35e6",
            "ingress": [],
            "name": "default",
            "name_prefix": "",
            "owner_id": "664111151564",
            "revoke_rules_on_delete": false,
            "tags": {
              "Environment": "production",
              "Name": "tinder-languages-vpc-default",
              "Project": "tinder-languages"
            },
            "tags_all": {
              "Environment": "production",
              "Name": "tinder-languages-vpc-default",
              "Project": "tinder-languages"
            },
            "vpc_id": "vpc-0c84dfdf3ba8a9c85"
          },
          "sensitive_attributes": [],
          "private": "eyJzY2hlbWFfdmVyc2lvbiI6IjEifQ==",
          "dependencies": [
            "module.vpc.aws_vpc.this"
          ]
        }
      ]
    },
    {
      "module": "module.vpc",
      "mode": "managed",
      "type": "aws_eip",
      "name": "nat",
      "provider": "provider[\"registry.terraform.io/hashicorp/aws\"]",
      "instances": [
        {
          "index_key": 0,
          "schema_version": 0,
          "attributes": {
            "address": null,
            "allocation_id": "eipalloc-027c3bb433067b2f8",
            "arn": "arn:aws:ec2:eu-central-1:664111151564:elastic-ip/eipalloc-027c3bb433067b2f8",
            "associate_with_private_ip": null,
            "association_id": "",
            "carrier_ip": "",
            "customer_owned_ip": "",
            "customer_owned_ipv4_pool": "",
            "domain": "vpc",
            "id": "eipalloc-027c3bb433067b2f8",
            "instance": "",
            "ipam_pool_id": null,
            "network_border_group": "eu-central-1",
            "network_interface": "",
            "private_dns": null,
            "private_ip": "",
            "ptr_record": "",
            "public_dns": "ec2-18-184-50-222.eu-central-1.compute.amazonaws.com",
            "public_ip": "18.184.50.222",
            "public_ipv4_pool": "amazon",
            "tags": {
              "Environment": "production",
              "Name": "tinder-languages-vpc-eu-central-1a",
              "Project": "tinder-languages"
            },
            "tags_all": {
              "Environment": "production",
              "Name": "tinder-languages-vpc-eu-central-1a",
              "Project": "tinder-languages"
            },
            "timeouts": null,
            "vpc": true
          },
          "sensitive_attributes": [],
          "private": "eyJlMmJmYjczMC1lY2FhLTExZTYtOGY4OC0zNDM2M2JjN2M0YzAiOnsiZGVsZXRlIjoxODAwMDAwMDAwMDAsInJlYWQiOjkwMDAwMDAwMDAwMCwidXBkYXRlIjozMDAwMDAwMDAwMDB9fQ==",
          "dependencies": [
            "data.aws_availability_zones.available",
            "module.vpc.aws_internet_gateway.this",
            "module.vpc.aws_vpc.this",
            "module.vpc.aws_vpc_ipv4_cidr_block_association.this"
          ]
        }
      ]
    },
    {
      "module": "module.vpc",
      "mode": "managed",
      "type": "aws_internet_gateway",
      "name": "this",
      "provider": "provider[\"registry.terraform.io/hashicorp/aws\"]",
      "instances": [
        {
          "index_key": 0,
          "schema_version": 0,
          "attributes": {
            "arn": "arn:aws:ec2:eu-central-1:664111151564:internet-gateway/igw-026bf688a244c180d",
            "id": "igw-026bf688a244c180d",
            "owner_id": "664111151564",
            "tags": {
              "Environment": "production",
              "Name": "tinder-languages-vpc",
              "Project": "tinder-languages"
            },
            "tags_all": {
              "Environment": "production",
              "Name": "tinder-languages-vpc",
              "Project": "tinder-languages"
            },
            "timeouts": null,
            "vpc_id": "vpc-0c84dfdf3ba8a9c85"
          },
          "sensitive_attributes": [],
          "private": "eyJlMmJmYjczMC1lY2FhLTExZTYtOGY4OC0zNDM2M2JjN2M0YzAiOnsiY3JlYXRlIjoxMjAwMDAwMDAwMDAwLCJkZWxldGUiOjEyMDAwMDAwMDAwMDAsInVwZGF0ZSI6MTIwMDAwMDAwMDAwMH19",
          "dependencies": [
            "module.vpc.aws_vpc.this",
            "module.vpc.aws_vpc_ipv4_cidr_block_association.this"
          ]
        }
      ]
    },
    {
      "module": "module.vpc",
      "mode": "managed",
      "type": "aws_nat_gateway",
      "name": "this",
      "provider": "provider[\"registry.terraform.io/hashicorp/aws\"]",
      "instances": [
        {
          "index_key": 0,
          "schema_version": 0,
          "attributes": {
            "allocation_id": "eipalloc-027c3bb433067b2f8",
            "association_id": "eipassoc-08872bf0d6ad6a5f2",
            "connectivity_type": "public",
            "id": "nat-0c71a889965f8ac04",
            "network_interface_id": "eni-07bd5b72efefcfac9",
            "private_ip": "10.0.101.252",
            "public_ip": "18.184.50.222",
            "secondary_allocation_ids": null,
            "secondary_private_ip_address_count": 0,
            "secondary_private_ip_addresses": [],
            "subnet_id": "subnet-0000622edaa324723",
            "tags": {
              "Environment": "production",
              "Name": "tinder-languages-vpc-eu-central-1a",
              "Project": "tinder-languages"
            },
            "tags_all": {
              "Environment": "production",
              "Name": "tinder-languages-vpc-eu-central-1a",
              "Project": "tinder-languages"
            },
            "timeouts": null
          },
          "sensitive_attributes": [],
          "private": "eyJlMmJmYjczMC1lY2FhLTExZTYtOGY4OC0zNDM2M2JjN2M0YzAiOnsiY3JlYXRlIjo2MDAwMDAwMDAwMDAsImRlbGV0ZSI6MTgwMDAwMDAwMDAwMCwidXBkYXRlIjo2MDAwMDAwMDAwMDB9fQ==",
          "dependencies": [
            "data.aws_availability_zones.available",
            "module.vpc.aws_eip.nat",
            "module.vpc.aws_internet_gateway.this",
            "module.vpc.aws_subnet.public",
            "module.vpc.aws_vpc.this",
            "module.vpc.aws_vpc_ipv4_cidr_block_association.this"
          ]
        }
      ]
    },
    {
      "module": "module.vpc",
      "mode": "managed",
      "type": "aws_route",
      "name": "private_nat_gateway",
      "provider": "provider[\"registry.terraform.io/hashicorp/aws\"]",
      "instances": [
        {
          "index_key": 0,
          "schema_version": 0,
          "attributes": {
            "carrier_gateway_id": "",
            "core_network_arn": "",
            "destination_cidr_block": "0.0.0.0/0",
            "destination_ipv6_cidr_block": "",
            "destination_prefix_list_id": "",
            "egress_only_gateway_id": "",
            "gateway_id": "",
            "id": "r-rtb-0ae9aa5f8be65d9381080289494",
            "instance_id": "",
            "instance_owner_id": "",
            "local_gateway_id": "",
            "nat_gateway_id": "nat-0c71a889965f8ac04",
            "network_interface_id": "",
            "origin": "CreateRoute",
            "route_table_id": "rtb-0ae9aa5f8be65d938",
            "state": "active",
            "timeouts": {
              "create": "5m",
              "delete": null,
              "update": null
            },
            "transit_gateway_id": "",
            "vpc_endpoint_id": "",
            "vpc_peering_connection_id": ""
          },
          "sensitive_attributes": [],
          "private": "eyJlMmJmYjczMC1lY2FhLTExZTYtOGY4OC0zNDM2M2JjN2M0YzAiOnsiY3JlYXRlIjozMDAwMDAwMDAwMDAsImRlbGV0ZSI6MzAwMDAwMDAwMDAwLCJ1cGRhdGUiOjEyMDAwMDAwMDAwMH19",
          "dependencies": [
            "data.aws_availability_zones.available",
            "module.vpc.aws_eip.nat",
            "module.vpc.aws_internet_gateway.this",
            "module.vpc.aws_nat_gateway.this",
            "module.vpc.aws_route_table.private",
            "module.vpc.aws_subnet.public",
            "module.vpc.aws_vpc.this",
            "module.vpc.aws_vpc_ipv4_cidr_block_association.this"
          ]
        }
      ]
    },
    {
      "module": "module.vpc",
      "mode": "managed",
      "type": "aws_route",
      "name": "public_internet_gateway",
      "provider": "provider[\"registry.terraform.io/hashicorp/aws\"]",
      "instances": [
        {
          "index_key": 0,
          "schema_version": 0,
          "attributes": {
            "carrier_gateway_id": "",
            "core_network_arn": "",
            "destination_cidr_block": "0.0.0.0/0",
            "destination_ipv6_cidr_block": "",
            "destination_prefix_list_id": "",
            "egress_only_gateway_id": "",
            "gateway_id": "igw-026bf688a244c180d",
            "id": "r-rtb-0c986704598f76a2a1080289494",
            "instance_id": "",
            "instance_owner_id": "",
            "local_gateway_id": "",
            "nat_gateway_id": "",
            "network_interface_id": "",
            "origin": "CreateRoute",
            "route_table_id": "rtb-0c986704598f76a2a",
            "state": "active",
            "timeouts": {
              "create": "5m",
              "delete": null,
              "update": null
            },
            "transit_gateway_id": "",
            "vpc_endpoint_id": "",
            "vpc_peering_connection_id": ""
          },
          "sensitive_attributes": [],
          "private": "eyJlMmJmYjczMC1lY2FhLTExZTYtOGY4OC0zNDM2M2JjN2M0YzAiOnsiY3JlYXRlIjozMDAwMDAwMDAwMDAsImRlbGV0ZSI6MzAwMDAwMDAwMDAwLCJ1cGRhdGUiOjEyMDAwMDAwMDAwMH19",
          "dependencies": [
            "data.aws_availability_zones.available",
            "module.vpc.aws_internet_gateway.this",
            "module.vpc.aws_route_table.public",
            "module.vpc.aws_vpc.this",
            "module.vpc.aws_vpc_ipv4_cidr_block_association.this"
          ]
        }
      ]
    },
    {
      "module": "module.vpc",
      "mode": "managed",
      "type": "aws_route_table",
      "name": "private",
      "provider": "provider[\"registry.terraform.io/hashicorp/aws\"]",
      "instances": [
        {
          "index_key": 0,
          "schema_version": 0,
          "attributes": {
            "arn": "arn:aws:ec2:eu-central-1:664111151564:route-table/rtb-0ae9aa5f8be65d938",
            "id": "rtb-0ae9aa5f8be65d938",
            "owner_id": "664111151564",
            "propagating_vgws": [],
            "route": [],
            "tags": {
              "Environment": "production",
              "Name": "tinder-languages-vpc-private",
              "Project": "tinder-languages"
            },
            "tags_all": {
              "Environment": "production",
              "Name": "tinder-languages-vpc-private",
              "Project": "tinder-languages"
            },
            "timeouts": null,
            "vpc_id": "vpc-0c84dfdf3ba8a9c85"
          },
          "sensitive_attributes": [],
          "private": "eyJlMmJmYjczMC1lY2FhLTExZTYtOGY4OC0zNDM2M2JjN2M0YzAiOnsiY3JlYXRlIjozMDAwMDAwMDAwMDAsImRlbGV0ZSI6MzAwMDAwMDAwMDAwLCJ1cGRhdGUiOjEyMDAwMDAwMDAwMH19",
          "dependencies": [
            "data.aws_availability_zones.available",
            "module.vpc.aws_vpc.this",
            "module.vpc.aws_vpc_ipv4_cidr_block_association.this"
          ]
        }
      ]
    },
    {
      "module": "module.vpc",
      "mode": "managed",
      "type": "aws_route_table",
      "name": "public",
      "provider": "provider[\"registry.terraform.io/hashicorp/aws\"]",
      "instances": [
        {
          "index_key": 0,
          "schema_version": 0,
          "attributes": {
            "arn": "arn:aws:ec2:eu-central-1:664111151564:route-table/rtb-0c986704598f76a2a",
            "id": "rtb-0c986704598f76a2a",
            "owner_id": "664111151564",
            "propagating_vgws": [],
            "route": [],
            "tags": {
              "Environment": "production",
              "Name": "tinder-languages-vpc-public",
              "Project": "tinder-languages"
            },
            "tags_all": {
              "Environment": "production",
              "Name": "tinder-languages-vpc-public",
              "Project": "tinder-languages"
            },
            "timeouts": null,
            "vpc_id": "vpc-0c84dfdf3ba8a9c85"
          },
          "sensitive_attributes": [],
          "private": "eyJlMmJmYjczMC1lY2FhLTExZTYtOGY4OC0zNDM2M2JjN2M0YzAiOnsiY3JlYXRlIjozMDAwMDAwMDAwMDAsImRlbGV0ZSI6MzAwMDAwMDAwMDAwLCJ1cGRhdGUiOjEyMDAwMDAwMDAwMH19",
          "dependencies": [
            "data.aws_availability_zones.available",
            "module.vpc.aws_vpc.this",
            "module.vpc.aws_vpc_ipv4_cidr_block_association.this"
          ]
        }
      ]
    },
    {
      "module": "module.vpc",
      "mode": "managed",
      "type": "aws_route_table_association",
      "name": "private",
      "provider": "provider[\"registry.terraform.io/hashicorp/aws\"]",
      "instances": [
        {
          "index_key": 0,
          "schema_version": 0,
          "attributes": {
            "gateway_id": "",
            "id": "rtbassoc-0ee7134355326dfd4",
            "route_table_id": "rtb-0ae9aa5f8be65d938",
            "subnet_id": "subnet-003f3912689a50a51",
            "timeouts": null
          },
          "sensitive_attributes": [],
          "private": "eyJlMmJmYjczMC1lY2FhLTExZTYtOGY4OC0zNDM2M2JjN2M0YzAiOnsiY3JlYXRlIjozMDAwMDAwMDAwMDAsImRlbGV0ZSI6MzAwMDAwMDAwMDAwLCJ1cGRhdGUiOjEyMDAwMDAwMDAwMH19",
          "dependencies": [
            "data.aws_availability_zones.available",
            "module.vpc.aws_route_table.private",
            "module.vpc.aws_subnet.private",
            "module.vpc.aws_vpc.this",
            "module.vpc.aws_vpc_ipv4_cidr_block_association.this"
          ]
        },
        {
          "index_key": 1,
          "schema_version": 0,
          "attributes": {
            "gateway_id": "",
            "id": "rtbassoc-0e339fbaeae5cc11e",
            "route_table_id": "rtb-0ae9aa5f8be65d938",
            "subnet_id": "subnet-0e9de36884c2d4bf2",
            "timeouts": null
          },
          "sensitive_attributes": [],
          "private": "eyJlMmJmYjczMC1lY2FhLTExZTYtOGY4OC0zNDM2M2JjN2M0YzAiOnsiY3JlYXRlIjozMDAwMDAwMDAwMDAsImRlbGV0ZSI6MzAwMDAwMDAwMDAwLCJ1cGRhdGUiOjEyMDAwMDAwMDAwMH19",
          "dependencies": [
            "data.aws_availability_zones.available",
            "module.vpc.aws_route_table.private",
            "module.vpc.aws_subnet.private",
            "module.vpc.aws_vpc.this",
            "module.vpc.aws_vpc_ipv4_cidr_block_association.this"
          ]
        },
        {
          "index_key": 2,
          "schema_version": 0,
          "attributes": {
            "gateway_id": "",
            "id": "rtbassoc-0eb3ec14ea2d741ad",
            "route_table_id": "rtb-0ae9aa5f8be65d938",
            "subnet_id": "subnet-0b4d84e9ca2399f22",
            "timeouts": null
          },
          "sensitive_attributes": [],
          "private": "eyJlMmJmYjczMC1lY2FhLTExZTYtOGY4OC0zNDM2M2JjN2M0YzAiOnsiY3JlYXRlIjozMDAwMDAwMDAwMDAsImRlbGV0ZSI6MzAwMDAwMDAwMDAwLCJ1cGRhdGUiOjEyMDAwMDAwMDAwMH19",
          "dependencies": [
            "data.aws_availability_zones.available",
            "module.vpc.aws_route_table.private",
            "module.vpc.aws_subnet.private",
            "module.vpc.aws_vpc.this",
            "module.vpc.aws_vpc_ipv4_cidr_block_association.this"
          ]
        }
      ]
    },
    {
      "module": "module.vpc",
      "mode": "managed",
      "type": "aws_route_table_association",
      "name": "public",
      "provider": "provider[\"registry.terraform.io/hashicorp/aws\"]",
      "instances": [
        {
          "index_key": 0,
          "schema_version": 0,
          "attributes": {
            "gateway_id": "",
            "id": "rtbassoc-00247c5ccc0c210e2",
            "route_table_id": "rtb-0c986704598f76a2a",
            "subnet_id": "subnet-0000622edaa324723",
            "timeouts": null
          },
          "sensitive_attributes": [],
          "private": "eyJlMmJmYjczMC1lY2FhLTExZTYtOGY4OC0zNDM2M2JjN2M0YzAiOnsiY3JlYXRlIjozMDAwMDAwMDAwMDAsImRlbGV0ZSI6MzAwMDAwMDAwMDAwLCJ1cGRhdGUiOjEyMDAwMDAwMDAwMH19",
          "dependencies": [
            "data.aws_availability_zones.available",
            "module.vpc.aws_route_table.public",
            "module.vpc.aws_subnet.public",
            "module.vpc.aws_vpc.this",
            "module.vpc.aws_vpc_ipv4_cidr_block_association.this"
          ]
        },
        {
          "index_key": 1,
          "schema_version": 0,
          "attributes": {
            "gateway_id": "",
            "id": "rtbassoc-046698e2b7a49866c",
            "route_table_id": "rtb-0c986704598f76a2a",
            "subnet_id": "subnet-0db531915d516670d",
            "timeouts": null
          },
          "sensitive_attributes": [],
          "private": "eyJlMmJmYjczMC1lY2FhLTExZTYtOGY4OC0zNDM2M2JjN2M0YzAiOnsiY3JlYXRlIjozMDAwMDAwMDAwMDAsImRlbGV0ZSI6MzAwMDAwMDAwMDAwLCJ1cGRhdGUiOjEyMDAwMDAwMDAwMH19",
          "dependencies": [
            "data.aws_availability_zones.available",
            "module.vpc.aws_route_table.public",
            "module.vpc.aws_subnet.public",
            "module.vpc.aws_vpc.this",
            "module.vpc.aws_vpc_ipv4_cidr_block_association.this"
          ]
        },
        {
          "index_key": 2,
          "schema_version": 0,
          "attributes": {
            "gateway_id": "",
            "id": "rtbassoc-09e213bb2c57fd9dd",
            "route_table_id": "rtb-0c986704598f76a2a",
            "subnet_id": "subnet-0ba31b8e8256b76dd",
            "timeouts": null
          },
          "sensitive_attributes": [],
          "private": "eyJlMmJmYjczMC1lY2FhLTExZTYtOGY4OC0zNDM2M2JjN2M0YzAiOnsiY3JlYXRlIjozMDAwMDAwMDAwMDAsImRlbGV0ZSI6MzAwMDAwMDAwMDAwLCJ1cGRhdGUiOjEyMDAwMDAwMDAwMH19",
          "dependencies": [
            "data.aws_availability_zones.available",
            "module.vpc.aws_route_table.public",
            "module.vpc.aws_subnet.public",
            "module.vpc.aws_vpc.this",
            "module.vpc.aws_vpc_ipv4_cidr_block_association.this"
          ]
        }
      ]
    },
    {
      "module": "module.vpc",
      "mode": "managed",
      "type": "aws_subnet",
      "name": "private",
      "provider": "provider[\"registry.terraform.io/hashicorp/aws\"]",
      "instances": [
        {
          "index_key": 0,
          "schema_version": 1,
          "attributes": {
            "arn": "arn:aws:ec2:eu-central-1:664111151564:subnet/subnet-003f3912689a50a51",
            "assign_ipv6_address_on_creation": false,
            "availability_zone": "eu-central-1a",
            "availability_zone_id": "euc1-az2",
            "cidr_block": "10.0.1.0/24",
            "customer_owned_ipv4_pool": "",
            "enable_dns64": false,
            "enable_lni_at_device_index": 0,
            "enable_resource_name_dns_a_record_on_launch": false,
            "enable_resource_name_dns_aaaa_record_on_launch": false,
            "id": "subnet-003f3912689a50a51",
            "ipv6_cidr_block": "",
            "ipv6_cidr_block_association_id": "",
            "ipv6_native": false,
            "map_customer_owned_ip_on_launch": false,
            "map_public_ip_on_launch": false,
            "outpost_arn": "",
            "owner_id": "664111151564",
            "private_dns_hostname_type_on_launch": "ip-name",
            "tags": {
              "Environment": "production",
              "Name": "tinder-languages-vpc-private-eu-central-1a",
              "Project": "tinder-languages",
              "kubernetes.io/role/internal-elb": "1"
            },
            "tags_all": {
              "Environment": "production",
              "Name": "tinder-languages-vpc-private-eu-central-1a",
              "Project": "tinder-languages",
              "kubernetes.io/role/internal-elb": "1"
            },
            "timeouts": null,
            "vpc_id": "vpc-0c84dfdf3ba8a9c85"
          },
          "sensitive_attributes": [],
          "private": "eyJlMmJmYjczMC1lY2FhLTExZTYtOGY4OC0zNDM2M2JjN2M0YzAiOnsiY3JlYXRlIjo2MDAwMDAwMDAwMDAsImRlbGV0ZSI6MTIwMDAwMDAwMDAwMH0sInNjaGVtYV92ZXJzaW9uIjoiMSJ9",
          "dependencies": [
            "data.aws_availability_zones.available",
            "module.vpc.aws_vpc.this",
            "module.vpc.aws_vpc_ipv4_cidr_block_association.this"
          ]
        },
        {
          "index_key": 1,
          "schema_version": 1,
          "attributes": {
            "arn": "arn:aws:ec2:eu-central-1:664111151564:subnet/subnet-0e9de36884c2d4bf2",
            "assign_ipv6_address_on_creation": false,
            "availability_zone": "eu-central-1b",
            "availability_zone_id": "euc1-az3",
            "cidr_block": "10.0.2.0/24",
            "customer_owned_ipv4_pool": "",
            "enable_dns64": false,
            "enable_lni_at_device_index": 0,
            "enable_resource_name_dns_a_record_on_launch": false,
            "enable_resource_name_dns_aaaa_record_on_launch": false,
            "id": "subnet-0e9de36884c2d4bf2",
            "ipv6_cidr_block": "",
            "ipv6_cidr_block_association_id": "",
            "ipv6_native": false,
            "map_customer_owned_ip_on_launch": false,
            "map_public_ip_on_launch": false,
            "outpost_arn": "",
            "owner_id": "664111151564",
            "private_dns_hostname_type_on_launch": "ip-name",
            "tags": {
              "Environment": "production",
              "Name": "tinder-languages-vpc-private-eu-central-1b",
              "Project": "tinder-languages",
              "kubernetes.io/role/internal-elb": "1"
            },
            "tags_all": {
              "Environment": "production",
              "Name": "tinder-languages-vpc-private-eu-central-1b",
              "Project": "tinder-languages",
              "kubernetes.io/role/internal-elb": "1"
            },
            "timeouts": null,
            "vpc_id": "vpc-0c84dfdf3ba8a9c85"
          },
          "sensitive_attributes": [],
          "private": "eyJlMmJmYjczMC1lY2FhLTExZTYtOGY4OC0zNDM2M2JjN2M0YzAiOnsiY3JlYXRlIjo2MDAwMDAwMDAwMDAsImRlbGV0ZSI6MTIwMDAwMDAwMDAwMH0sInNjaGVtYV92ZXJzaW9uIjoiMSJ9",
          "dependencies": [
            "data.aws_availability_zones.available",
            "module.vpc.aws_vpc.this",
            "module.vpc.aws_vpc_ipv4_cidr_block_association.this"
          ]
        },
        {
          "index_key": 2,
          "schema_version": 1,
          "attributes": {
            "arn": "arn:aws:ec2:eu-central-1:664111151564:subnet/subnet-0b4d84e9ca2399f22",
            "assign_ipv6_address_on_creation": false,
            "availability_zone": "eu-central-1c",
            "availability_zone_id": "euc1-az1",
            "cidr_block": "10.0.3.0/24",
            "customer_owned_ipv4_pool": "",
            "enable_dns64": false,
            "enable_lni_at_device_index": 0,
            "enable_resource_name_dns_a_record_on_launch": false,
            "enable_resource_name_dns_aaaa_record_on_launch": false,
            "id": "subnet-0b4d84e9ca2399f22",
            "ipv6_cidr_block": "",
            "ipv6_cidr_block_association_id": "",
            "ipv6_native": false,
            "map_customer_owned_ip_on_launch": false,
            "map_public_ip_on_launch": false,
            "outpost_arn": "",
            "owner_id": "664111151564",
            "private_dns_hostname_type_on_launch": "ip-name",
            "tags": {
              "Environment": "production",
              "Name": "tinder-languages-vpc-private-eu-central-1c",
              "Project": "tinder-languages",
              "kubernetes.io/role/internal-elb": "1"
            },
            "tags_all": {
              "Environment": "production",
              "Name": "tinder-languages-vpc-private-eu-central-1c",
              "Project": "tinder-languages",
              "kubernetes.io/role/internal-elb": "1"
            },
            "timeouts": null,
            "vpc_id": "vpc-0c84dfdf3ba8a9c85"
          },
          "sensitive_attributes": [],
          "private": "eyJlMmJmYjczMC1lY2FhLTExZTYtOGY4OC0zNDM2M2JjN2M0YzAiOnsiY3JlYXRlIjo2MDAwMDAwMDAwMDAsImRlbGV0ZSI6MTIwMDAwMDAwMDAwMH0sInNjaGVtYV92ZXJzaW9uIjoiMSJ9",
          "dependencies": [
            "data.aws_availability_zones.available",
            "module.vpc.aws_vpc.this",
            "module.vpc.aws_vpc_ipv4_cidr_block_association.this"
          ]
        }
      ]
    },
    {
      "module": "module.vpc",
      "mode": "managed",
      "type": "aws_subnet",
      "name": "public",
      "provider": "provider[\"registry.terraform.io/hashicorp/aws\"]",
      "instances": [
        {
          "index_key": 0,
          "schema_version": 1,
          "attributes": {
            "arn": "arn:aws:ec2:eu-central-1:664111151564:subnet/subnet-0000622edaa324723",
            "assign_ipv6_address_on_creation": false,
            "availability_zone": "eu-central-1a",
            "availability_zone_id": "euc1-az2",
            "cidr_block": "10.0.101.0/24",
            "customer_owned_ipv4_pool": "",
            "enable_dns64": false,
            "enable_lni_at_device_index": 0,
            "enable_resource_name_dns_a_record_on_launch": false,
            "enable_resource_name_dns_aaaa_record_on_launch": false,
            "id": "subnet-0000622edaa324723",
            "ipv6_cidr_block": "",
            "ipv6_cidr_block_association_id": "",
            "ipv6_native": false,
            "map_customer_owned_ip_on_launch": false,
            "map_public_ip_on_launch": false,
            "outpost_arn": "",
            "owner_id": "664111151564",
            "private_dns_hostname_type_on_launch": "ip-name",
            "tags": {
              "Environment": "production",
              "Name": "tinder-languages-vpc-public-eu-central-1a",
              "Project": "tinder-languages",
              "kubernetes.io/role/elb": "1"
            },
            "tags_all": {
              "Environment": "production",
              "Name": "tinder-languages-vpc-public-eu-central-1a",
              "Project": "tinder-languages",
              "kubernetes.io/role/elb": "1"
            },
            "timeouts": null,
            "vpc_id": "vpc-0c84dfdf3ba8a9c85"
          },
          "sensitive_attributes": [],
          "private": "eyJlMmJmYjczMC1lY2FhLTExZTYtOGY4OC0zNDM2M2JjN2M0YzAiOnsiY3JlYXRlIjo2MDAwMDAwMDAwMDAsImRlbGV0ZSI6MTIwMDAwMDAwMDAwMH0sInNjaGVtYV92ZXJzaW9uIjoiMSJ9",
          "dependencies": [
            "data.aws_availability_zones.available",
            "module.vpc.aws_vpc.this",
            "module.vpc.aws_vpc_ipv4_cidr_block_association.this"
          ]
        },
        {
          "index_key": 1,
          "schema_version": 1,
          "attributes": {
            "arn": "arn:aws:ec2:eu-central-1:664111151564:subnet/subnet-0db531915d516670d",
            "assign_ipv6_address_on_creation": false,
            "availability_zone": "eu-central-1b",
            "availability_zone_id": "euc1-az3",
            "cidr_block": "10.0.102.0/24",
            "customer_owned_ipv4_pool": "",
            "enable_dns64": false,
            "enable_lni_at_device_index": 0,
            "enable_resource_name_dns_a_record_on_launch": false,
            "enable_resource_name_dns_aaaa_record_on_launch": false,
            "id": "subnet-0db531915d516670d",
            "ipv6_cidr_block": "",
            "ipv6_cidr_block_association_id": "",
            "ipv6_native": false,
            "map_customer_owned_ip_on_launch": false,
            "map_public_ip_on_launch": false,
            "outpost_arn": "",
            "owner_id": "664111151564",
            "private_dns_hostname_type_on_launch": "ip-name",
            "tags": {
              "Environment": "production",
              "Name": "tinder-languages-vpc-public-eu-central-1b",
              "Project": "tinder-languages",
              "kubernetes.io/role/elb": "1"
            },
            "tags_all": {
              "Environment": "production",
              "Name": "tinder-languages-vpc-public-eu-central-1b",
              "Project": "tinder-languages",
              "kubernetes.io/role/elb": "1"
            },
            "timeouts": null,
            "vpc_id": "vpc-0c84dfdf3ba8a9c85"
          },
          "sensitive_attributes": [],
          "private": "eyJlMmJmYjczMC1lY2FhLTExZTYtOGY4OC0zNDM2M2JjN2M0YzAiOnsiY3JlYXRlIjo2MDAwMDAwMDAwMDAsImRlbGV0ZSI6MTIwMDAwMDAwMDAwMH0sInNjaGVtYV92ZXJzaW9uIjoiMSJ9",
          "dependencies": [
            "data.aws_availability_zones.available",
            "module.vpc.aws_vpc.this",
            "module.vpc.aws_vpc_ipv4_cidr_block_association.this"
          ]
        },
        {
          "index_key": 2,
          "schema_version": 1,
          "attributes": {
            "arn": "arn:aws:ec2:eu-central-1:664111151564:subnet/subnet-0ba31b8e8256b76dd",
            "assign_ipv6_address_on_creation": false,
            "availability_zone": "eu-central-1c",
            "availability_zone_id": "euc1-az1",
            "cidr_block": "10.0.103.0/24",
            "customer_owned_ipv4_pool": "",
            "enable_dns64": false,
            "enable_lni_at_device_index": 0,
            "enable_resource_name_dns_a_record_on_launch": false,
            "enable_resource_name_dns_aaaa_record_on_launch": false,
            "id": "subnet-0ba31b8e8256b76dd",
            "ipv6_cidr_block": "",
            "ipv6_cidr_block_association_id": "",
            "ipv6_native": false,
            "map_customer_owned_ip_on_launch": false,
            "map_public_ip_on_launch": false,
            "outpost_arn": "",
            "owner_id": "664111151564",
            "private_dns_hostname_type_on_launch": "ip-name",
            "tags": {
              "Environment": "production",
              "Name": "tinder-languages-vpc-public-eu-central-1c",
              "Project": "tinder-languages",
              "kubernetes.io/role/elb": "1"
            },
            "tags_all": {
              "Environment": "production",
              "Name": "tinder-languages-vpc-public-eu-central-1c",
              "Project": "tinder-languages",
              "kubernetes.io/role/elb": "1"
            },
            "timeouts": null,
            "vpc_id": "vpc-0c84dfdf3ba8a9c85"
          },
          "sensitive_attributes": [],
          "private": "eyJlMmJmYjczMC1lY2FhLTExZTYtOGY4OC0zNDM2M2JjN2M0YzAiOnsiY3JlYXRlIjo2MDAwMDAwMDAwMDAsImRlbGV0ZSI6MTIwMDAwMDAwMDAwMH0sInNjaGVtYV92ZXJzaW9uIjoiMSJ9",
          "dependencies": [
            "data.aws_availability_zones.available",
            "module.vpc.aws_vpc.this",
            "module.vpc.aws_vpc_ipv4_cidr_block_association.this"
          ]
        }
      ]
    },
    {
      "module": "module.vpc",
      "mode": "managed",
      "type": "aws_vpc",
      "name": "this",
      "provider": "provider[\"registry.terraform.io/hashicorp/aws\"]",
      "instances": [
        {
          "index_key": 0,
          "schema_version": 1,
          "attributes": {
            "arn": "arn:aws:ec2:eu-central-1:664111151564:vpc/vpc-0c84dfdf3ba8a9c85",
            "assign_generated_ipv6_cidr_block": false,
            "cidr_block": "10.0.0.0/16",
            "default_network_acl_id": "acl-01ec508c84342d96a",
            "default_route_table_id": "rtb-0be313a547dd60fb6",
            "default_security_group_id": "sg-09eb3da81e03f35e6",
            "dhcp_options_id": "dopt-025484e00824ee1d1",
            "enable_dns_hostnames": true,
            "enable_dns_support": true,
            "enable_network_address_usage_metrics": false,
            "id": "vpc-0c84dfdf3ba8a9c85",
            "instance_tenancy": "default",
            "ipv4_ipam_pool_id": null,
            "ipv4_netmask_length": null,
            "ipv6_association_id": "",
            "ipv6_cidr_block": "",
            "ipv6_cidr_block_network_border_group": "",
            "ipv6_ipam_pool_id": "",
            "ipv6_netmask_length": 0,
            "main_route_table_id": "rtb-0be313a547dd60fb6",
            "owner_id": "664111151564",
            "tags": {
              "Environment": "production",
              "Name": "tinder-languages-vpc",
              "Project": "tinder-languages"
            },
            "tags_all": {
              "Environment": "production",
              "Name": "tinder-languages-vpc",
              "Project": "tinder-languages"
            }
          },
          "sensitive_attributes": [],
          "private": "eyJzY2hlbWFfdmVyc2lvbiI6IjEifQ==",
          "create_before_destroy": true
        }
      ]
    }
  ],
  "check_results": [
    {
      "object_kind": "resource",
      "config_addr": "module.eks.module.eks_managed_node_group.module.user_data.null_resource.validate_cluster_service_cidr",
      "status": "pass",
      "objects": null
    },
    {
      "object_kind": "resource",
      "config_addr": "module.eks.module.self_managed_node_group.module.user_data.null_resource.validate_cluster_service_cidr",
      "status": "pass",
      "objects": null
    }
  ]
}
